// !$*UTF8*$!
{
	archiveVersion = 1;
	classes = {
	};
	objectVersion = 46;
	objects = {

/* Begin PBXBuildFile section */
		6A67B0AD1E0BBA840024E9AB /* AppDelegate.swift in Sources */ = {isa = PBXBuildFile; fileRef = 6A67B0AC1E0BBA840024E9AB /* AppDelegate.swift */; };
		6A67B0AF1E0BBA840024E9AB /* ViewController.swift in Sources */ = {isa = PBXBuildFile; fileRef = 6A67B0AE1E0BBA840024E9AB /* ViewController.swift */; };
		6A67B0B21E0BBA840024E9AB /* Main.storyboard in Resources */ = {isa = PBXBuildFile; fileRef = 6A67B0B01E0BBA840024E9AB /* Main.storyboard */; };
		6A67B0B41E0BBA840024E9AB /* Assets.xcassets in Resources */ = {isa = PBXBuildFile; fileRef = 6A67B0B31E0BBA840024E9AB /* Assets.xcassets */; };
		6A67B0B71E0BBA840024E9AB /* LaunchScreen.storyboard in Resources */ = {isa = PBXBuildFile; fileRef = 6A67B0B51E0BBA840024E9AB /* LaunchScreen.storyboard */; };
		6A67B0C21E0BBA840024E9AB /* SeamgenDemoTests.swift in Sources */ = {isa = PBXBuildFile; fileRef = 6A67B0C11E0BBA840024E9AB /* SeamgenDemoTests.swift */; };
		6A67B0CD1E0BBA840024E9AB /* SeamgenDemoUITests.swift in Sources */ = {isa = PBXBuildFile; fileRef = 6A67B0CC1E0BBA840024E9AB /* SeamgenDemoUITests.swift */; };
/* End PBXBuildFile section */

/* Begin PBXContainerItemProxy section */
		6A67B0BE1E0BBA840024E9AB /* PBXContainerItemProxy */ = {
			isa = PBXContainerItemProxy;
			containerPortal = 6A67B0A11E0BBA830024E9AB /* Project object */;
			proxyType = 1;
			remoteGlobalIDString = 6A67B0A81E0BBA830024E9AB;
			remoteInfo = SeamgenDemo;
		};
		6A67B0C91E0BBA840024E9AB /* PBXContainerItemProxy */ = {
			isa = PBXContainerItemProxy;
			containerPortal = 6A67B0A11E0BBA830024E9AB /* Project object */;
			proxyType = 1;
			remoteGlobalIDString = 6A67B0A81E0BBA830024E9AB;
			remoteInfo = SeamgenDemo;
		};
/* End PBXContainerItemProxy section */

/* Begin PBXFileReference section */
		6A67B0A91E0BBA830024E9AB /* SeamgenDemo.app */ = {isa = PBXFileReference; explicitFileType = wrapper.application; includeInIndex = 0; path = SeamgenDemo.app; sourceTree = BUILT_PRODUCTS_DIR; };
		6A67B0AC1E0BBA840024E9AB /* AppDelegate.swift */ = {isa = PBXFileReference; lastKnownFileType = sourcecode.swift; path = AppDelegate.swift; sourceTree = "<group>"; };
		6A67B0AE1E0BBA840024E9AB /* ViewController.swift */ = {isa = PBXFileReference; lastKnownFileType = sourcecode.swift; path = ViewController.swift; sourceTree = "<group>"; };
		6A67B0B11E0BBA840024E9AB /* Base */ = {isa = PBXFileReference; lastKnownFileType = file.storyboard; name = Base; path = Base.lproj/Main.storyboard; sourceTree = "<group>"; };
		6A67B0B31E0BBA840024E9AB /* Assets.xcassets */ = {isa = PBXFileReference; lastKnownFileType = folder.assetcatalog; path = Assets.xcassets; sourceTree = "<group>"; };
		6A67B0B61E0BBA840024E9AB /* Base */ = {isa = PBXFileReference; lastKnownFileType = file.storyboard; name = Base; path = Base.lproj/LaunchScreen.storyboard; sourceTree = "<group>"; };
		6A67B0B81E0BBA840024E9AB /* Info.plist */ = {isa = PBXFileReference; lastKnownFileType = text.plist.xml; path = Info.plist; sourceTree = "<group>"; };
		6A67B0BD1E0BBA840024E9AB /* SeamgenDemoTests.xctest */ = {isa = PBXFileReference; explicitFileType = wrapper.cfbundle; includeInIndex = 0; path = SeamgenDemoTests.xctest; sourceTree = BUILT_PRODUCTS_DIR; };
		6A67B0C11E0BBA840024E9AB /* SeamgenDemoTests.swift */ = {isa = PBXFileReference; lastKnownFileType = sourcecode.swift; path = SeamgenDemoTests.swift; sourceTree = "<group>"; };
		6A67B0C31E0BBA840024E9AB /* Info.plist */ = {isa = PBXFileReference; lastKnownFileType = text.plist.xml; path = Info.plist; sourceTree = "<group>"; };
		6A67B0C81E0BBA840024E9AB /* SeamgenDemoUITests.xctest */ = {isa = PBXFileReference; explicitFileType = wrapper.cfbundle; includeInIndex = 0; path = SeamgenDemoUITests.xctest; sourceTree = BUILT_PRODUCTS_DIR; };
		6A67B0CC1E0BBA840024E9AB /* SeamgenDemoUITests.swift */ = {isa = PBXFileReference; lastKnownFileType = sourcecode.swift; path = SeamgenDemoUITests.swift; sourceTree = "<group>"; };
		6A67B0CE1E0BBA840024E9AB /* Info.plist */ = {isa = PBXFileReference; lastKnownFileType = text.plist.xml; path = Info.plist; sourceTree = "<group>"; };
/* End PBXFileReference section */

/* Begin PBXFrameworksBuildPhase section */
		6A67B0A61E0BBA830024E9AB /* Frameworks */ = {
			isa = PBXFrameworksBuildPhase;
			buildActionMask = 2147483647;
			files = (
			);
			runOnlyForDeploymentPostprocessing = 0;
		};
		6A67B0BA1E0BBA840024E9AB /* Frameworks */ = {
			isa = PBXFrameworksBuildPhase;
			buildActionMask = 2147483647;
			files = (
			);
			runOnlyForDeploymentPostprocessing = 0;
		};
		6A67B0C51E0BBA840024E9AB /* Frameworks */ = {
			isa = PBXFrameworksBuildPhase;
			buildActionMask = 2147483647;
			files = (
			);
			runOnlyForDeploymentPostprocessing = 0;
		};
/* End PBXFrameworksBuildPhase section */

/* Begin PBXGroup section */
		6A67B0A01E0BBA830024E9AB = {
			isa = PBXGroup;
			children = (
				6A67B0AB1E0BBA830024E9AB /* SeamgenDemo */,
				6A67B0C01E0BBA840024E9AB /* SeamgenDemoTests */,
				6A67B0CB1E0BBA840024E9AB /* SeamgenDemoUITests */,
				6A67B0AA1E0BBA830024E9AB /* Products */,
			);
			sourceTree = "<group>";
		};
		6A67B0AA1E0BBA830024E9AB /* Products */ = {
			isa = PBXGroup;
			children = (
				6A67B0A91E0BBA830024E9AB /* SeamgenDemo.app */,
				6A67B0BD1E0BBA840024E9AB /* SeamgenDemoTests.xctest */,
				6A67B0C81E0BBA840024E9AB /* SeamgenDemoUITests.xctest */,
			);
			name = Products;
			sourceTree = "<group>";
		};
		6A67B0AB1E0BBA830024E9AB /* SeamgenDemo */ = {
			isa = PBXGroup;
			children = (
				6A67B0AC1E0BBA840024E9AB /* AppDelegate.swift */,
				6A67B0AE1E0BBA840024E9AB /* ViewController.swift */,
				6A67B0B01E0BBA840024E9AB /* Main.storyboard */,
				6A67B0B31E0BBA840024E9AB /* Assets.xcassets */,
				6A67B0B51E0BBA840024E9AB /* LaunchScreen.storyboard */,
				6A67B0B81E0BBA840024E9AB /* Info.plist */,
			);
			path = SeamgenDemo;
			sourceTree = "<group>";
		};
		6A67B0C01E0BBA840024E9AB /* SeamgenDemoTests */ = {
			isa = PBXGroup;
			children = (
				6A67B0C11E0BBA840024E9AB /* SeamgenDemoTests.swift */,
				6A67B0C31E0BBA840024E9AB /* Info.plist */,
			);
			path = SeamgenDemoTests;
			sourceTree = "<group>";
		};
		6A67B0CB1E0BBA840024E9AB /* SeamgenDemoUITests */ = {
			isa = PBXGroup;
			children = (
				6A67B0CC1E0BBA840024E9AB /* SeamgenDemoUITests.swift */,
				6A67B0CE1E0BBA840024E9AB /* Info.plist */,
			);
			path = SeamgenDemoUITests;
			sourceTree = "<group>";
		};
/* End PBXGroup section */

/* Begin PBXNativeTarget section */
		6A67B0A81E0BBA830024E9AB /* SeamgenDemo */ = {
			isa = PBXNativeTarget;
			buildConfigurationList = 6A67B0D11E0BBA840024E9AB /* Build configuration list for PBXNativeTarget "SeamgenDemo" */;
			buildPhases = (
				6A67B0A51E0BBA830024E9AB /* Sources */,
				6A67B0A61E0BBA830024E9AB /* Frameworks */,
				6A67B0A71E0BBA830024E9AB /* Resources */,
			);
			buildRules = (
			);
			dependencies = (
			);
			name = SeamgenDemo;
			productName = SeamgenDemo;
			productReference = 6A67B0A91E0BBA830024E9AB /* SeamgenDemo.app */;
			productType = "com.apple.product-type.application";
		};
		6A67B0BC1E0BBA840024E9AB /* SeamgenDemoTests */ = {
			isa = PBXNativeTarget;
			buildConfigurationList = 6A67B0D41E0BBA840024E9AB /* Build configuration list for PBXNativeTarget "SeamgenDemoTests" */;
			buildPhases = (
				6A67B0B91E0BBA840024E9AB /* Sources */,
				6A67B0BA1E0BBA840024E9AB /* Frameworks */,
				6A67B0BB1E0BBA840024E9AB /* Resources */,
			);
			buildRules = (
			);
			dependencies = (
				6A67B0BF1E0BBA840024E9AB /* PBXTargetDependency */,
			);
			name = SeamgenDemoTests;
			productName = SeamgenDemoTests;
			productReference = 6A67B0BD1E0BBA840024E9AB /* SeamgenDemoTests.xctest */;
			productType = "com.apple.product-type.bundle.unit-test";
		};
		6A67B0C71E0BBA840024E9AB /* SeamgenDemoUITests */ = {
			isa = PBXNativeTarget;
			buildConfigurationList = 6A67B0D71E0BBA840024E9AB /* Build configuration list for PBXNativeTarget "SeamgenDemoUITests" */;
			buildPhases = (
				6A67B0C41E0BBA840024E9AB /* Sources */,
				6A67B0C51E0BBA840024E9AB /* Frameworks */,
				6A67B0C61E0BBA840024E9AB /* Resources */,
			);
			buildRules = (
			);
			dependencies = (
				6A67B0CA1E0BBA840024E9AB /* PBXTargetDependency */,
			);
			name = SeamgenDemoUITests;
			productName = SeamgenDemoUITests;
			productReference = 6A67B0C81E0BBA840024E9AB /* SeamgenDemoUITests.xctest */;
			productType = "com.apple.product-type.bundle.ui-testing";
		};
/* End PBXNativeTarget section */

/* Begin PBXProject section */
		6A67B0A11E0BBA830024E9AB /* Project object */ = {
			isa = PBXProject;
			attributes = {
				LastSwiftUpdateCheck = 0810;
				LastUpgradeCheck = 0810;
				ORGANIZATIONNAME = "Maxime Boulat";
				TargetAttributes = {
					6A67B0A81E0BBA830024E9AB = {
						CreatedOnToolsVersion = 8.1;
						ProvisioningStyle = Automatic;
					};
					6A67B0BC1E0BBA840024E9AB = {
						CreatedOnToolsVersion = 8.1;
						ProvisioningStyle = Automatic;
						TestTargetID = 6A67B0A81E0BBA830024E9AB;
					};
					6A67B0C71E0BBA840024E9AB = {
						CreatedOnToolsVersion = 8.1;
						ProvisioningStyle = Automatic;
						TestTargetID = 6A67B0A81E0BBA830024E9AB;
					};
				};
			};
			buildConfigurationList = 6A67B0A41E0BBA830024E9AB /* Build configuration list for PBXProject "SeamgenDemo" */;
			compatibilityVersion = "Xcode 3.2";
			developmentRegion = English;
			hasScannedForEncodings = 0;
			knownRegions = (
				en,
				Base,
			);
			mainGroup = 6A67B0A01E0BBA830024E9AB;
			productRefGroup = 6A67B0AA1E0BBA830024E9AB /* Products */;
			projectDirPath = "";
			projectRoot = "";
			targets = (
				6A67B0A81E0BBA830024E9AB /* SeamgenDemo */,
				6A67B0BC1E0BBA840024E9AB /* SeamgenDemoTests */,
				6A67B0C71E0BBA840024E9AB /* SeamgenDemoUITests */,
			);
		};
/* End PBXProject section */

/* Begin PBXResourcesBuildPhase section */
		6A67B0A71E0BBA830024E9AB /* Resources */ = {
			isa = PBXResourcesBuildPhase;
			buildActionMask = 2147483647;
			files = (
				6A67B0B71E0BBA840024E9AB /* LaunchScreen.storyboard in Resources */,
				6A67B0B41E0BBA840024E9AB /* Assets.xcassets in Resources */,
				6A67B0B21E0BBA840024E9AB /* Main.storyboard in Resources */,
			);
			runOnlyForDeploymentPostprocessing = 0;
		};
		6A67B0BB1E0BBA840024E9AB /* Resources */ = {
			isa = PBXResourcesBuildPhase;
			buildActionMask = 2147483647;
			files = (
			);
			runOnlyForDeploymentPostprocessing = 0;
		};
		6A67B0C61E0BBA840024E9AB /* Resources */ = {
			isa = PBXResourcesBuildPhase;
			buildActionMask = 2147483647;
			files = (
			);
			runOnlyForDeploymentPostprocessing = 0;
		};
/* End PBXResourcesBuildPhase section */

/* Begin PBXSourcesBuildPhase section */
		6A67B0A51E0BBA830024E9AB /* Sources */ = {
			isa = PBXSourcesBuildPhase;
			buildActionMask = 2147483647;
			files = (
				6A67B0AF1E0BBA840024E9AB /* ViewController.swift in Sources */,
				6A67B0AD1E0BBA840024E9AB /* AppDelegate.swift in Sources */,
			);
			runOnlyForDeploymentPostprocessing = 0;
		};
		6A67B0B91E0BBA840024E9AB /* Sources */ = {
			isa = PBXSourcesBuildPhase;
			buildActionMask = 2147483647;
			files = (
				6A67B0C21E0BBA840024E9AB /* SeamgenDemoTests.swift in Sources */,
			);
			runOnlyForDeploymentPostprocessing = 0;
		};
		6A67B0C41E0BBA840024E9AB /* Sources */ = {
			isa = PBXSourcesBuildPhase;
			buildActionMask = 2147483647;
			files = (
				6A67B0CD1E0BBA840024E9AB /* SeamgenDemoUITests.swift in Sources */,
			);
			runOnlyForDeploymentPostprocessing = 0;
		};
/* End PBXSourcesBuildPhase section */

/* Begin PBXTargetDependency section */
		6A67B0BF1E0BBA840024E9AB /* PBXTargetDependency */ = {
			isa = PBXTargetDependency;
			target = 6A67B0A81E0BBA830024E9AB /* SeamgenDemo */;
			targetProxy = 6A67B0BE1E0BBA840024E9AB /* PBXContainerItemProxy */;
		};
		6A67B0CA1E0BBA840024E9AB /* PBXTargetDependency */ = {
			isa = PBXTargetDependency;
			target = 6A67B0A81E0BBA830024E9AB /* SeamgenDemo */;
			targetProxy = 6A67B0C91E0BBA840024E9AB /* PBXContainerItemProxy */;
		};
/* End PBXTargetDependency section */

/* Begin PBXVariantGroup section */
		6A67B0B01E0BBA840024E9AB /* Main.storyboard */ = {
			isa = PBXVariantGroup;
			children = (
				6A67B0B11E0BBA840024E9AB /* Base */,
			);
			name = Main.storyboard;
			sourceTree = "<group>";
		};
		6A67B0B51E0BBA840024E9AB /* LaunchScreen.storyboard */ = {
			isa = PBXVariantGroup;
			children = (
				6A67B0B61E0BBA840024E9AB /* Base */,
			);
			name = LaunchScreen.storyboard;
			sourceTree = "<group>";
		};
/* End PBXVariantGroup section */

/* Begin XCBuildConfiguration section */
		6A67B0CF1E0BBA840024E9AB /* Debug */ = {
			isa = XCBuildConfiguration;
			buildSettings = {
				ALWAYS_SEARCH_USER_PATHS = NO;
				CLANG_ANALYZER_NONNULL = YES;
				CLANG_CXX_LANGUAGE_STANDARD = "gnu++0x";
				CLANG_CXX_LIBRARY = "libc++";
				CLANG_ENABLE_MODULES = YES;
				CLANG_ENABLE_OBJC_ARC = YES;
				CLANG_WARN_BOOL_CONVERSION = YES;
				CLANG_WARN_CONSTANT_CONVERSION = YES;
				CLANG_WARN_DIRECT_OBJC_ISA_USAGE = YES_ERROR;
				CLANG_WARN_DOCUMENTATION_COMMENTS = YES;
				CLANG_WARN_EMPTY_BODY = YES;
				CLANG_WARN_ENUM_CONVERSION = YES;
				CLANG_WARN_INFINITE_RECURSION = YES;
				CLANG_WARN_INT_CONVERSION = YES;
				CLANG_WARN_OBJC_ROOT_CLASS = YES_ERROR;
				CLANG_WARN_SUSPICIOUS_MOVES = YES;
				CLANG_WARN_UNREACHABLE_CODE = YES;
				CLANG_WARN__DUPLICATE_METHOD_MATCH = YES;
				"CODE_SIGN_IDENTITY[sdk=iphoneos*]" = "iPhone Developer";
				COPY_PHASE_STRIP = NO;
				DEBUG_INFORMATION_FORMAT = dwarf;
				ENABLE_STRICT_OBJC_MSGSEND = YES;
				ENABLE_TESTABILITY = YES;
				GCC_C_LANGUAGE_STANDARD = gnu99;
				GCC_DYNAMIC_NO_PIC = NO;
				GCC_NO_COMMON_BLOCKS = YES;
				GCC_OPTIMIZATION_LEVEL = 0;
				GCC_PREPROCESSOR_DEFINITIONS = (
					"DEBUG=1",
					"$(inherited)",
				);
				GCC_WARN_64_TO_32_BIT_CONVERSION = YES;
				GCC_WARN_ABOUT_RETURN_TYPE = YES_ERROR;
				GCC_WARN_UNDECLARED_SELECTOR = YES;
				GCC_WARN_UNINITIALIZED_AUTOS = YES_AGGRESSIVE;
				GCC_WARN_UNUSED_FUNCTION = YES;
				GCC_WARN_UNUSED_VARIABLE = YES;
				IPHONEOS_DEPLOYMENT_TARGET = 10.1;
				MTL_ENABLE_DEBUG_INFO = YES;
				ONLY_ACTIVE_ARCH = YES;
				SDKROOT = iphoneos;
				SWIFT_ACTIVE_COMPILATION_CONDITIONS = DEBUG;
				SWIFT_OPTIMIZATION_LEVEL = "-Onone";
				TARGETED_DEVICE_FAMILY = "1,2";
			};
			name = Debug;
		};
		6A67B0D01E0BBA840024E9AB /* Release */ = {
			isa = XCBuildConfiguration;
			buildSettings = {
				ALWAYS_SEARCH_USER_PATHS = NO;
				CLANG_ANALYZER_NONNULL = YES;
				CLANG_CXX_LANGUAGE_STANDARD = "gnu++0x";
				CLANG_CXX_LIBRARY = "libc++";
				CLANG_ENABLE_MODULES = YES;
				CLANG_ENABLE_OBJC_ARC = YES;
				CLANG_WARN_BOOL_CONVERSION = YES;
				CLANG_WARN_CONSTANT_CONVERSION = YES;
				CLANG_WARN_DIRECT_OBJC_ISA_USAGE = YES_ERROR;
				CLANG_WARN_DOCUMENTATION_COMMENTS = YES;
				CLANG_WARN_EMPTY_BODY = YES;
				CLANG_WARN_ENUM_CONVERSION = YES;
				CLANG_WARN_INFINITE_RECURSION = YES;
				CLANG_WARN_INT_CONVERSION = YES;
				CLANG_WARN_OBJC_ROOT_CLASS = YES_ERROR;
				CLANG_WARN_SUSPICIOUS_MOVES = YES;
				CLANG_WARN_UNREACHABLE_CODE = YES;
				CLANG_WARN__DUPLICATE_METHOD_MATCH = YES;
				"CODE_SIGN_IDENTITY[sdk=iphoneos*]" = "iPhone Developer";
				COPY_PHASE_STRIP = NO;
				DEBUG_INFORMATION_FORMAT = "dwarf-with-dsym";
				ENABLE_NS_ASSERTIONS = NO;
				ENABLE_STRICT_OBJC_MSGSEND = YES;
				GCC_C_LANGUAGE_STANDARD = gnu99;
				GCC_NO_COMMON_BLOCKS = YES;
				GCC_WARN_64_TO_32_BIT_CONVERSION = YES;
				GCC_WARN_ABOUT_RETURN_TYPE = YES_ERROR;
				GCC_WARN_UNDECLARED_SELECTOR = YES;
				GCC_WARN_UNINITIALIZED_AUTOS = YES_AGGRESSIVE;
				GCC_WARN_UNUSED_FUNCTION = YES;
				GCC_WARN_UNUSED_VARIABLE = YES;
				IPHONEOS_DEPLOYMENT_TARGET = 10.1;
				MTL_ENABLE_DEBUG_INFO = NO;
				SDKROOT = iphoneos;
				SWIFT_OPTIMIZATION_LEVEL = "-Owholemodule";
				TARGETED_DEVICE_FAMILY = "1,2";
				VALIDATE_PRODUCT = YES;
			};
			name = Release;
		};
		6A67B0D21E0BBA840024E9AB /* Debug */ = {
			isa = XCBuildConfiguration;
			buildSettings = {
				ASSETCATALOG_COMPILER_APPICON_NAME = AppIcon;
				INFOPLIST_FILE = SeamgenDemo/Info.plist;
				LD_RUNPATH_SEARCH_PATHS = "$(inherited) @executable_path/Frameworks";
				PRODUCT_BUNDLE_IDENTIFIER = com.ProjevtBroadway.Blast.SeamgenDemo;
				PRODUCT_NAME = "$(TARGET_NAME)";
				SWIFT_VERSION = 3.0;
			};
			name = Debug;
		};
		6A67B0D31E0BBA840024E9AB /* Release */ = {
			isa = XCBuildConfiguration;
			buildSettings = {
				ASSETCATALOG_COMPILER_APPICON_NAME = AppIcon;
				INFOPLIST_FILE = SeamgenDemo/Info.plist;
				LD_RUNPATH_SEARCH_PATHS = "$(inherited) @executable_path/Frameworks";
				PRODUCT_BUNDLE_IDENTIFIER = com.ProjevtBroadway.Blast.SeamgenDemo;
				PRODUCT_NAME = "$(TARGET_NAME)";
				SWIFT_VERSION = 3.0;
			};
			name = Release;
		};
		6A67B0D51E0BBA840024E9AB /* Debug */ = {
			isa = XCBuildConfiguration;
			buildSettings = {
				ALWAYS_EMBED_SWIFT_STANDARD_LIBRARIES = YES;
				BUNDLE_LOADER = "$(TEST_HOST)";
				INFOPLIST_FILE = SeamgenDemoTests/Info.plist;
				LD_RUNPATH_SEARCH_PATHS = "$(inherited) @executable_path/Frameworks @loader_path/Frameworks";
				PRODUCT_BUNDLE_IDENTIFIER = com.ProjevtBroadway.Blast.SeamgenDemoTests;
				PRODUCT_NAME = "$(TARGET_NAME)";
				SWIFT_VERSION = 3.0;
				TEST_HOST = "$(BUILT_PRODUCTS_DIR)/SeamgenDemo.app/SeamgenDemo";
			};
			name = Debug;
		};
		6A67B0D61E0BBA840024E9AB /* Release */ = {
			isa = XCBuildConfiguration;
			buildSettings = {
				ALWAYS_EMBED_SWIFT_STANDARD_LIBRARIES = YES;
				BUNDLE_LOADER = "$(TEST_HOST)";
				INFOPLIST_FILE = SeamgenDemoTests/Info.plist;
				LD_RUNPATH_SEARCH_PATHS = "$(inherited) @executable_path/Frameworks @loader_path/Frameworks";
				PRODUCT_BUNDLE_IDENTIFIER = com.ProjevtBroadway.Blast.SeamgenDemoTests;
				PRODUCT_NAME = "$(TARGET_NAME)";
				SWIFT_VERSION = 3.0;
				TEST_HOST = "$(BUILT_PRODUCTS_DIR)/SeamgenDemo.app/SeamgenDemo";
			};
			name = Release;
		};
		6A67B0D81E0BBA840024E9AB /* Debug */ = {
			isa = XCBuildConfiguration;
			buildSettings = {
				ALWAYS_EMBED_SWIFT_STANDARD_LIBRARIES = YES;
				INFOPLIST_FILE = SeamgenDemoUITests/Info.plist;
				LD_RUNPATH_SEARCH_PATHS = "$(inherited) @executable_path/Frameworks @loader_path/Frameworks";
				PRODUCT_BUNDLE_IDENTIFIER = com.ProjevtBroadway.Blast.SeamgenDemoUITests;
				PRODUCT_NAME = "$(TARGET_NAME)";
				SWIFT_VERSION = 3.0;
				TEST_TARGET_NAME = SeamgenDemo;
			};
			name = Debug;
		};
		6A67B0D91E0BBA840024E9AB /* Release */ = {
			isa = XCBuildConfiguration;
			buildSettings = {
				ALWAYS_EMBED_SWIFT_STANDARD_LIBRARIES = YES;
				INFOPLIST_FILE = SeamgenDemoUITests/Info.plist;
				LD_RUNPATH_SEARCH_PATHS = "$(inherited) @executable_path/Frameworks @loader_path/Frameworks";
				PRODUCT_BUNDLE_IDENTIFIER = com.ProjevtBroadway.Blast.SeamgenDemoUITests;
				PRODUCT_NAME = "$(TARGET_NAME)";
				SWIFT_VERSION = 3.0;
				TEST_TARGET_NAME = SeamgenDemo;
			};
			name = Release;
		};
/* End XCBuildConfiguration section */

/* Begin XCConfigurationList section */
		6A67B0A41E0BBA830024E9AB /* Build configuration list for PBXProject "SeamgenDemo" */ = {
			isa = XCConfigurationList;
			buildConfigurations = (
				6A67B0CF1E0BBA840024E9AB /* Debug */,
				6A67B0D01E0BBA840024E9AB /* Release */,
			);
			defaultConfigurationIsVisible = 0;
			defaultConfigurationName = Release;
		};
		6A67B0D11E0BBA840024E9AB /* Build configuration list for PBXNativeTarget "SeamgenDemo" */ = {
			isa = XCConfigurationList;
			buildConfigurations = (
				6A67B0D21E0BBA840024E9AB /* Debug */,
				6A67B0D31E0BBA840024E9AB /* Release */,
			);
			defaultConfigurationIsVisible = 0;
		};
		6A67B0D41E0BBA840024E9AB /* Build configuration list for PBXNativeTarget "SeamgenDemoTests" */ = {
			isa = XCConfigurationList;
			buildConfigurations = (
				6A67B0D51E0BBA840024E9AB /* Debug */,
				6A67B0D61E0BBA840024E9AB /* Release */,
			);
			defaultConfigurationIsVisible = 0;
		};
		6A67B0D71E0BBA840024E9AB /* Build configuration list for PBXNativeTarget "SeamgenDemoUITests" */ = {
			isa = XCConfigurationList;
			buildConfigurations = (
				6A67B0D81E0BBA840024E9AB /* Debug */,
				6A67B0D91E0BBA840024E9AB /* Release */,
			);
			defaultConfigurationIsVisible = 0;
		};
/* End XCConfigurationList section */
	};
	rootObject = 6A67B0A11E0BBA830024E9AB /* Project object */;
}
